
Microsoft Visual Studio Solution File, Format Version 12.00
# Visual Studio Version 16
VisualStudioVersion = 16.0.29020.237
MinimumVisualStudioVersion = 10.0.40219.1
Project("{FAE04EC0-301F-11D3-BF4B-00C04F79EFBC}") = "Task1", "HM_02\Task1.csproj", "{D1634084-98DA-4CF6-BD98-79FDDEDD3874}"
EndProject
Project("{FAE04EC0-301F-11D3-BF4B-00C04F79EFBC}") = "Task2", "Task2\Task2.csproj", "{6CB73F7A-E669-4DCB-8295-917D226F69C9}"
EndProject
Global
	GlobalSection(SolutionConfigurationPlatforms) = preSolution
		Debug|Any CPU = Debug|Any CPU
		Release|Any CPU = Release|Any CPU
	EndGlobalSection
	GlobalSection(ProjectConfigurationPlatforms) = postSolution
		{D1634084-98DA-4CF6-BD98-79FDDEDD3874}.Debug|Any CPU.ActiveCfg = Debug|Any CPU
		{D1634084-98DA-4CF6-BD98-79FDDEDD3874}.Debug|Any CPU.Build.0 = Debug|Any CPU
		{D1634084-98DA-4CF6-BD98-79FDDEDD3874}.Release|Any CPU.ActiveCfg = Release|Any CPU
		{D1634084-98DA-4CF6-BD98-79FDDEDD3874}.Release|Any CPU.Build.0 = Release|Any CPU
		{6CB73F7A-E669-4DCB-8295-917D226F69C9}.Debug|Any CPU.ActiveCfg = Debug|Any CPU
		{6CB73F7A-E669-4DCB-8295-917D226F69C9}.Debug|Any CPU.Build.0 = Debug|Any CPU
		{6CB73F7A-E669-4DCB-8295-917D226F69C9}.Release|Any CPU.ActiveCfg = Release|Any CPU
		{6CB73F7A-E669-4DCB-8295-917D226F69C9}.Release|Any CPU.Build.0 = Release|Any CPU
	EndGlobalSection
	GlobalSection(SolutionProperties) = preSolution
		HideSolutionNode = FALSE
	EndGlobalSection
	GlobalSection(ExtensibilityGlobals) = postSolution
		SolutionGuid = {10A50D58-D34B-4EE5-AB3B-43D5E1BCEC57}
	EndGlobalSection
EndGlobal
